
Microsoft Visual Studio Solution File, Format Version 12.00
# Visual Studio Version 16
VisualStudioVersion = 16.0.30225.117
MinimumVisualStudioVersion = 10.0.40219.1
Project("{FAE04EC0-301F-11D3-BF4B-00C04F79EFBC}") = "Sample-core", "Sample-core.csproj", "{B2FB5AFB-6EA3-4E5F-8F24-17DD21B052B7}"
EndProject
Global
	GlobalSection(SolutionConfigurationPlatforms) = preSolution
		Debug|Any CPU = Debug|Any CPU
		Release|Any CPU = Release|Any CPU
	EndGlobalSection
	GlobalSection(ProjectConfigurationPlatforms) = postSolution
		{B2FB5AFB-6EA3-4E5F-8F24-17DD21B052B7}.Debug|Any CPU.ActiveCfg = Debug|Any CPU
		{B2FB5AFB-6EA3-4E5F-8F24-17DD21B052B7}.Debug|Any CPU.Build.0 = Debug|Any CPU
		{B2FB5AFB-6EA3-4E5F-8F24-17DD21B052B7}.Release|Any CPU.ActiveCfg = Release|Any CPU
		{B2FB5AFB-6EA3-4E5F-8F24-17DD21B052B7}.Release|Any CPU.Build.0 = Release|Any CPU
	EndGlobalSection
	GlobalSection(SolutionProperties) = preSolution
		HideSolutionNode = FALSE
	EndGlobalSection
	GlobalSection(ExtensibilityGlobals) = postSolution
		SolutionGuid = {67389303-0DB7-4541-B662-2A78D1E2C783}
	EndGlobalSection
EndGlobal
